{
  "name": "chamados-ti",
  "version": "1.0.0",
  "lockfileVersion": 3,
  "requires": true,
  "packages": {
    "": {
      "name": "chamados-ti",
      "version": "1.0.0",
      "dependencies": {
        "@babel/standalone": "^7.24.0",
        "nodemailer": "^6.9.0"
      }
    },
    "node_modules/@babel/standalone": {
      "version": "7.29.7",
      "resolved": "https://registry.npmjs.org/@babel/standalone/-/standalone-7.29.7.tgz",
      "integrity": "sha512-oFh9XoGL20UuHIeIuBQHOvF7r2dOCRnZW0r4SageGb9SWnt6HhbuPLREykNaEnP7/SRpMUwr50SSMJLrmeHvnQ==",
      "license": "MIT",
      "engines": {
        "node": ">=6.9.0"
      }
    },
    "node_modules/nodemailer": {
      "version": "6.10.1",
      "resolved": "https://registry.npmjs.org/nodemailer/-/nodemailer-6.10.1.tgz",
      "integrity": "sha512-Z+iLaBGVaSjbIzQ4pX6XV41HrooLsQ10ZWPUehGmuantvzWoDVBnmsdUcOIDM1t+yPor5pDhVlDESgOMEGxhHA==",
      "license": "MIT-0",
      "engines": {
        "node": ">=6.0.0"
      }
    }
  }
}
